
Microsoft Visual Studio Solution File, Format Version 12.00
# Visual Studio Version 17
VisualStudioVersion = 17.7.34031.279
MinimumVisualStudioVersion = 10.0.40219.1
Project("{FAE04EC0-301F-11D3-BF4B-00C04F79EFBC}") = "The_Return_Keyword", "The_Return_Keyword.csproj", "{550EA1A7-723F-4922-8BE6-A364F7AE551B}"
EndProject
Global
	GlobalSection(SolutionConfigurationPlatforms) = preSolution
		Debug|Any CPU = Debug|Any CPU
		Release|Any CPU = Release|Any CPU
	EndGlobalSection
	GlobalSection(ProjectConfigurationPlatforms) = postSolution
		{550EA1A7-723F-4922-8BE6-A364F7AE551B}.Debug|Any CPU.ActiveCfg = Debug|Any CPU
		{550EA1A7-723F-4922-8BE6-A364F7AE551B}.Debug|Any CPU.Build.0 = Debug|Any CPU
		{550EA1A7-723F-4922-8BE6-A364F7AE551B}.Release|Any CPU.ActiveCfg = Release|Any CPU
		{550EA1A7-723F-4922-8BE6-A364F7AE551B}.Release|Any CPU.Build.0 = Release|Any CPU
	EndGlobalSection
	GlobalSection(SolutionProperties) = preSolution
		HideSolutionNode = FALSE
	EndGlobalSection
	GlobalSection(ExtensibilityGlobals) = postSolution
		SolutionGuid = {BD8B1E8F-C210-44A0-9E65-15E19822B498}
	EndGlobalSection
EndGlobal
